
Microsoft Visual Studio Solution File, Format Version 12.00
# Visual Studio Version 17
VisualStudioVersion = 17.4.33122.133
MinimumVisualStudioVersion = 10.0.40219.1
Project("{9A19103F-16F7-4668-BE54-9A1E7A4F7556}") = "hello-dapr", "hello-dapr\hello-dapr.csproj", "{26D8DCC2-75E2-471A-B61F-5D31DB1D445D}"
EndProject
Project("{FAE04EC0-301F-11D3-BF4B-00C04F79EFBC}") = "second-dapr", "second-dapr\second-dapr.csproj", "{DE1B2FC6-DA76-4E3C-B817-6663DDFDB587}"
EndProject
Global
	GlobalSection(SolutionConfigurationPlatforms) = preSolution
		Debug|Any CPU = Debug|Any CPU
		Release|Any CPU = Release|Any CPU
	EndGlobalSection
	GlobalSection(ProjectConfigurationPlatforms) = postSolution
		{26D8DCC2-75E2-471A-B61F-5D31DB1D445D}.Debug|Any CPU.ActiveCfg = Debug|Any CPU
		{26D8DCC2-75E2-471A-B61F-5D31DB1D445D}.Debug|Any CPU.Build.0 = Debug|Any CPU
		{26D8DCC2-75E2-471A-B61F-5D31DB1D445D}.Release|Any CPU.ActiveCfg = Release|Any CPU
		{26D8DCC2-75E2-471A-B61F-5D31DB1D445D}.Release|Any CPU.Build.0 = Release|Any CPU
		{DE1B2FC6-DA76-4E3C-B817-6663DDFDB587}.Debug|Any CPU.ActiveCfg = Debug|Any CPU
		{DE1B2FC6-DA76-4E3C-B817-6663DDFDB587}.Debug|Any CPU.Build.0 = Debug|Any CPU
		{DE1B2FC6-DA76-4E3C-B817-6663DDFDB587}.Release|Any CPU.ActiveCfg = Release|Any CPU
		{DE1B2FC6-DA76-4E3C-B817-6663DDFDB587}.Release|Any CPU.Build.0 = Release|Any CPU
	EndGlobalSection
	GlobalSection(SolutionProperties) = preSolution
		HideSolutionNode = FALSE
	EndGlobalSection
	GlobalSection(ExtensibilityGlobals) = postSolution
		SolutionGuid = {21DD7265-E56C-4766-8286-DA83D55E636D}
	EndGlobalSection
EndGlobal
